
Microsoft Visual Studio Solution File, Format Version 12.00
# Visual Studio 15
VisualStudioVersion = 15.0.28307.136
MinimumVisualStudioVersion = 10.0.40219.1
Project("{8BC9CEB8-8B4A-11D0-8D11-00A0C91BC942}") = "base_prob", "leet_code_cpp\leet_code_cpp.vcxproj", "{D64B1FA7-7EC8-4275-B01E-7A50167D43D9}"
EndProject
Project("{8BC9CEB8-8B4A-11D0-8D11-00A0C91BC942}") = "string_prob", "string_prob\string_prob.vcxproj", "{5DAF550D-D1EF-4E4D-AE3E-B30FA1906898}"
EndProject
Global
	GlobalSection(SolutionConfigurationPlatforms) = preSolution
		Debug|x64 = Debug|x64
		Debug|x86 = Debug|x86
		Release|x64 = Release|x64
		Release|x86 = Release|x86
	EndGlobalSection
	GlobalSection(ProjectConfigurationPlatforms) = postSolution
		{D64B1FA7-7EC8-4275-B01E-7A50167D43D9}.Debug|x64.ActiveCfg = Debug|x64
		{D64B1FA7-7EC8-4275-B01E-7A50167D43D9}.Debug|x64.Build.0 = Debug|x64
		{D64B1FA7-7EC8-4275-B01E-7A50167D43D9}.Debug|x86.ActiveCfg = Debug|Win32
		{D64B1FA7-7EC8-4275-B01E-7A50167D43D9}.Debug|x86.Build.0 = Debug|Win32
		{D64B1FA7-7EC8-4275-B01E-7A50167D43D9}.Release|x64.ActiveCfg = Release|x64
		{D64B1FA7-7EC8-4275-B01E-7A50167D43D9}.Release|x64.Build.0 = Release|x64
		{D64B1FA7-7EC8-4275-B01E-7A50167D43D9}.Release|x86.ActiveCfg = Release|Win32
		{D64B1FA7-7EC8-4275-B01E-7A50167D43D9}.Release|x86.Build.0 = Release|Win32
		{5DAF550D-D1EF-4E4D-AE3E-B30FA1906898}.Debug|x64.ActiveCfg = Debug|x64
		{5DAF550D-D1EF-4E4D-AE3E-B30FA1906898}.Debug|x64.Build.0 = Debug|x64
		{5DAF550D-D1EF-4E4D-AE3E-B30FA1906898}.Debug|x86.ActiveCfg = Debug|Win32
		{5DAF550D-D1EF-4E4D-AE3E-B30FA1906898}.Debug|x86.Build.0 = Debug|Win32
		{5DAF550D-D1EF-4E4D-AE3E-B30FA1906898}.Release|x64.ActiveCfg = Release|x64
		{5DAF550D-D1EF-4E4D-AE3E-B30FA1906898}.Release|x64.Build.0 = Release|x64
		{5DAF550D-D1EF-4E4D-AE3E-B30FA1906898}.Release|x86.ActiveCfg = Release|Win32
		{5DAF550D-D1EF-4E4D-AE3E-B30FA1906898}.Release|x86.Build.0 = Release|Win32
	EndGlobalSection
	GlobalSection(SolutionProperties) = preSolution
		HideSolutionNode = FALSE
	EndGlobalSection
	GlobalSection(ExtensibilityGlobals) = postSolution
		SolutionGuid = {266B8B3F-D265-493D-B198-96E33D3946F7}
	EndGlobalSection
EndGlobal
