
Microsoft Visual Studio Solution File, Format Version 12.00
# Visual Studio 15
VisualStudioVersion = 15.0.28307.136
MinimumVisualStudioVersion = 10.0.40219.1
Project("{8BC9CEB8-8B4A-11D0-8D11-00A0C91BC942}") = "base_prob", "leet_code_cpp\leet_code_cpp.vcxproj", "{D64B1FA7-7EC8-4275-B01E-7A50167D43D9}"
EndProject
Project("{8BC9CEB8-8B4A-11D0-8D11-00A0C91BC942}") = "string_prob", "string_prob\string_prob.vcxproj", "{5DAF550D-D1EF-4E4D-AE3E-B30FA1906898}"
EndProject
Project("{2150E333-8FDC-42A3-9474-1A3956D46DE8}") = "Solution Items", "Solution Items", "{D45F2AB9-A75E-4BE3-959F-63254D3AB2EE}"
	ProjectSection(SolutionItems) = preProject
		README.md = README.md
	EndProjectSection
EndProject
Project("{8BC9CEB8-8B4A-11D0-8D11-00A0C91BC942}") = "array_prob", "array_prob\array_prob.vcxproj", "{426E3565-236A-479B-B3D1-4588EE022E03}"
EndProject
Project("{8BC9CEB8-8B4A-11D0-8D11-00A0C91BC942}") = "stack_heap_list", "stack_heap_list\stack_heap_list.vcxproj", "{1EE47484-0A1A-47C1-8F68-F65651CF57DC}"
EndProject
Project("{8BC9CEB8-8B4A-11D0-8D11-00A0C91BC942}") = "list_prob", "list_prob\list_prob.vcxproj", "{739680B0-7753-4647-BEE0-58800F82266B}"
EndProject
Global
	GlobalSection(SolutionConfigurationPlatforms) = preSolution
		Debug|x64 = Debug|x64
		Debug|x86 = Debug|x86
		Release|x64 = Release|x64
		Release|x86 = Release|x86
	EndGlobalSection
	GlobalSection(ProjectConfigurationPlatforms) = postSolution
		{D64B1FA7-7EC8-4275-B01E-7A50167D43D9}.Debug|x64.ActiveCfg = Debug|x64
		{D64B1FA7-7EC8-4275-B01E-7A50167D43D9}.Debug|x64.Build.0 = Debug|x64
		{D64B1FA7-7EC8-4275-B01E-7A50167D43D9}.Debug|x86.ActiveCfg = Debug|Win32
		{D64B1FA7-7EC8-4275-B01E-7A50167D43D9}.Debug|x86.Build.0 = Debug|Win32
		{D64B1FA7-7EC8-4275-B01E-7A50167D43D9}.Release|x64.ActiveCfg = Release|x64
		{D64B1FA7-7EC8-4275-B01E-7A50167D43D9}.Release|x64.Build.0 = Release|x64
		{D64B1FA7-7EC8-4275-B01E-7A50167D43D9}.Release|x86.ActiveCfg = Release|Win32
		{D64B1FA7-7EC8-4275-B01E-7A50167D43D9}.Release|x86.Build.0 = Release|Win32
		{5DAF550D-D1EF-4E4D-AE3E-B30FA1906898}.Debug|x64.ActiveCfg = Debug|x64
		{5DAF550D-D1EF-4E4D-AE3E-B30FA1906898}.Debug|x64.Build.0 = Debug|x64
		{5DAF550D-D1EF-4E4D-AE3E-B30FA1906898}.Debug|x86.ActiveCfg = Debug|Win32
		{5DAF550D-D1EF-4E4D-AE3E-B30FA1906898}.Debug|x86.Build.0 = Debug|Win32
		{5DAF550D-D1EF-4E4D-AE3E-B30FA1906898}.Release|x64.ActiveCfg = Release|x64
		{5DAF550D-D1EF-4E4D-AE3E-B30FA1906898}.Release|x64.Build.0 = Release|x64
		{5DAF550D-D1EF-4E4D-AE3E-B30FA1906898}.Release|x86.ActiveCfg = Release|Win32
		{5DAF550D-D1EF-4E4D-AE3E-B30FA1906898}.Release|x86.Build.0 = Release|Win32
		{426E3565-236A-479B-B3D1-4588EE022E03}.Debug|x64.ActiveCfg = Debug|x64
		{426E3565-236A-479B-B3D1-4588EE022E03}.Debug|x64.Build.0 = Debug|x64
		{426E3565-236A-479B-B3D1-4588EE022E03}.Debug|x86.ActiveCfg = Debug|Win32
		{426E3565-236A-479B-B3D1-4588EE022E03}.Debug|x86.Build.0 = Debug|Win32
		{426E3565-236A-479B-B3D1-4588EE022E03}.Release|x64.ActiveCfg = Release|x64
		{426E3565-236A-479B-B3D1-4588EE022E03}.Release|x64.Build.0 = Release|x64
		{426E3565-236A-479B-B3D1-4588EE022E03}.Release|x86.ActiveCfg = Release|Win32
		{426E3565-236A-479B-B3D1-4588EE022E03}.Release|x86.Build.0 = Release|Win32
		{1EE47484-0A1A-47C1-8F68-F65651CF57DC}.Debug|x64.ActiveCfg = Debug|x64
		{1EE47484-0A1A-47C1-8F68-F65651CF57DC}.Debug|x64.Build.0 = Debug|x64
		{1EE47484-0A1A-47C1-8F68-F65651CF57DC}.Debug|x86.ActiveCfg = Debug|Win32
		{1EE47484-0A1A-47C1-8F68-F65651CF57DC}.Debug|x86.Build.0 = Debug|Win32
		{1EE47484-0A1A-47C1-8F68-F65651CF57DC}.Release|x64.ActiveCfg = Release|x64
		{1EE47484-0A1A-47C1-8F68-F65651CF57DC}.Release|x64.Build.0 = Release|x64
		{1EE47484-0A1A-47C1-8F68-F65651CF57DC}.Release|x86.ActiveCfg = Release|Win32
		{1EE47484-0A1A-47C1-8F68-F65651CF57DC}.Release|x86.Build.0 = Release|Win32
		{739680B0-7753-4647-BEE0-58800F82266B}.Debug|x64.ActiveCfg = Debug|x64
		{739680B0-7753-4647-BEE0-58800F82266B}.Debug|x64.Build.0 = Debug|x64
		{739680B0-7753-4647-BEE0-58800F82266B}.Debug|x86.ActiveCfg = Debug|Win32
		{739680B0-7753-4647-BEE0-58800F82266B}.Debug|x86.Build.0 = Debug|Win32
		{739680B0-7753-4647-BEE0-58800F82266B}.Release|x64.ActiveCfg = Release|x64
		{739680B0-7753-4647-BEE0-58800F82266B}.Release|x64.Build.0 = Release|x64
		{739680B0-7753-4647-BEE0-58800F82266B}.Release|x86.ActiveCfg = Release|Win32
		{739680B0-7753-4647-BEE0-58800F82266B}.Release|x86.Build.0 = Release|Win32
	EndGlobalSection
	GlobalSection(SolutionProperties) = preSolution
		HideSolutionNode = FALSE
	EndGlobalSection
	GlobalSection(ExtensibilityGlobals) = postSolution
		SolutionGuid = {266B8B3F-D265-493D-B198-96E33D3946F7}
	EndGlobalSection
EndGlobal
